// !$*UTF8*$!
{
	archiveVersion = 1;
	classes = {
	};
	objectVersion = 46;
	objects = {

/* Begin PBXBuildFile section */
		ACC1B94B1CB350A400E9EC51 /* AppDelegate.swift in Sources */ = {isa = PBXBuildFile; fileRef = ACC1B94A1CB350A400E9EC51 /* AppDelegate.swift */; };
		ACC1B94D1CB350A400E9EC51 /* ViewController.swift in Sources */ = {isa = PBXBuildFile; fileRef = ACC1B94C1CB350A400E9EC51 /* ViewController.swift */; };
		ACC1B9501CB350A400E9EC51 /* Main.storyboard in Resources */ = {isa = PBXBuildFile; fileRef = ACC1B94E1CB350A400E9EC51 /* Main.storyboard */; };
		ACC1B9521CB350A400E9EC51 /* Assets.xcassets in Resources */ = {isa = PBXBuildFile; fileRef = ACC1B9511CB350A400E9EC51 /* Assets.xcassets */; };
		ACC1B9551CB350A400E9EC51 /* LaunchScreen.storyboard in Resources */ = {isa = PBXBuildFile; fileRef = ACC1B9531CB350A400E9EC51 /* LaunchScreen.storyboard */; };
/* End PBXBuildFile section */

/* Begin PBXFileReference section */
		ACC1B9471CB350A400E9EC51 /* LYInfiniteScrollDemo.app */ = {isa = PBXFileReference; explicitFileType = wrapper.application; includeInIndex = 0; path = LYInfiniteScrollDemo.app; sourceTree = BUILT_PRODUCTS_DIR; };
		ACC1B94A1CB350A400E9EC51 /* AppDelegate.swift */ = {isa = PBXFileReference; lastKnownFileType = sourcecode.swift; path = AppDelegate.swift; sourceTree = "<group>"; };
		ACC1B94C1CB350A400E9EC51 /* ViewController.swift */ = {isa = PBXFileReference; lastKnownFileType = sourcecode.swift; path = ViewController.swift; sourceTree = "<group>"; };
		ACC1B94F1CB350A400E9EC51 /* Base */ = {isa = PBXFileReference; lastKnownFileType = file.storyboard; name = Base; path = Base.lproj/Main.storyboard; sourceTree = "<group>"; };
		ACC1B9511CB350A400E9EC51 /* Assets.xcassets */ = {isa = PBXFileReference; lastKnownFileType = folder.assetcatalog; path = Assets.xcassets; sourceTree = "<group>"; };
		ACC1B9541CB350A400E9EC51 /* Base */ = {isa = PBXFileReference; lastKnownFileType = file.storyboard; name = Base; path = Base.lproj/LaunchScreen.storyboard; sourceTree = "<group>"; };
		ACC1B9561CB350A400E9EC51 /* Info.plist */ = {isa = PBXFileReference; lastKnownFileType = text.plist.xml; path = Info.plist; sourceTree = "<group>"; };
/* End PBXFileReference section */

/* Begin PBXFrameworksBuildPhase section */
		ACC1B9441CB350A400E9EC51 /* Frameworks */ = {
			isa = PBXFrameworksBuildPhase;
			buildActionMask = 2147483647;
			files = (
			);
			runOnlyForDeploymentPostprocessing = 0;
		};
/* End PBXFrameworksBuildPhase section */

/* Begin PBXGroup section */
		ACC1B93E1CB350A400E9EC51 = {
			isa = PBXGroup;
			children = (
				ACC1B9491CB350A400E9EC51 /* LYInfiniteScrollDemo */,
				ACC1B9481CB350A400E9EC51 /* Products */,
			);
			sourceTree = "<group>";
		};
		ACC1B9481CB350A400E9EC51 /* Products */ = {
			isa = PBXGroup;
			children = (
				ACC1B9471CB350A400E9EC51 /* LYInfiniteScrollDemo.app */,
			);
			name = Products;
			sourceTree = "<group>";
		};
		ACC1B9491CB350A400E9EC51 /* LYInfiniteScrollDemo */ = {
			isa = PBXGroup;
			children = (
				ACC1B94A1CB350A400E9EC51 /* AppDelegate.swift */,
				ACC1B94C1CB350A400E9EC51 /* ViewController.swift */,
				ACC1B94E1CB350A400E9EC51 /* Main.storyboard */,
				ACC1B9511CB350A400E9EC51 /* Assets.xcassets */,
				ACC1B9531CB350A400E9EC51 /* LaunchScreen.storyboard */,
				ACC1B9561CB350A400E9EC51 /* Info.plist */,
			);
			path = LYInfiniteScrollDemo;
			sourceTree = "<group>";
		};
/* End PBXGroup section */

/* Begin PBXNativeTarget section */
		ACC1B9461CB350A400E9EC51 /* LYInfiniteScrollDemo */ = {
			isa = PBXNativeTarget;
			buildConfigurationList = ACC1B9591CB350A400E9EC51 /* Build configuration list for PBXNativeTarget "LYInfiniteScrollDemo" */;
			buildPhases = (
				ACC1B9431CB350A400E9EC51 /* Sources */,
				ACC1B9441CB350A400E9EC51 /* Frameworks */,
				ACC1B9451CB350A400E9EC51 /* Resources */,
			);
			buildRules = (
			);
			dependencies = (
			);
			name = LYInfiniteScrollDemo;
			productName = LYInfiniteScrollDemo;
			productReference = ACC1B9471CB350A400E9EC51 /* LYInfiniteScrollDemo.app */;
			productType = "com.apple.product-type.application";
		};
/* End PBXNativeTarget section */

/* Begin PBXProject section */
		ACC1B93F1CB350A400E9EC51 /* Project object */ = {
			isa = PBXProject;
			attributes = {
				LastSwiftUpdateCheck = 0720;
				LastUpgradeCheck = 0720;
				ORGANIZATIONNAME = LuYang;
				TargetAttributes = {
					ACC1B9461CB350A400E9EC51 = {
						CreatedOnToolsVersion = 7.2;
					};
				};
			};
			buildConfigurationList = ACC1B9421CB350A400E9EC51 /* Build configuration list for PBXProject "LYInfiniteScrollDemo" */;
			compatibilityVersion = "Xcode 3.2";
			developmentRegion = English;
			hasScannedForEncodings = 0;
			knownRegions = (
				en,
				Base,
			);
			mainGroup = ACC1B93E1CB350A400E9EC51;
			productRefGroup = ACC1B9481CB350A400E9EC51 /* Products */;
			projectDirPath = "";
			projectRoot = "";
			targets = (
				ACC1B9461CB350A400E9EC51 /* LYInfiniteScrollDemo */,
			);
		};
/* End PBXProject section */

/* Begin PBXResourcesBuildPhase section */
		ACC1B9451CB350A400E9EC51 /* Resources */ = {
			isa = PBXResourcesBuildPhase;
			buildActionMask = 2147483647;
			files = (
				ACC1B9551CB350A400E9EC51 /* LaunchScreen.storyboard in Resources */,
				ACC1B9521CB350A400E9EC51 /* Assets.xcassets in Resources */,
				ACC1B9501CB350A400E9EC51 /* Main.storyboard in Resources */,
			);
			runOnlyForDeploymentPostprocessing = 0;
		};
/* End PBXResourcesBuildPhase section */

/* Begin PBXSourcesBuildPhase section */
		ACC1B9431CB350A400E9EC51 /* Sources */ = {
			isa = PBXSourcesBuildPhase;
			buildActionMask = 2147483647;
			files = (
				ACC1B94D1CB350A400E9EC51 /* ViewController.swift in Sources */,
				ACC1B94B1CB350A400E9EC51 /* AppDelegate.swift in Sources */,
			);
			runOnlyForDeploymentPostprocessing = 0;
		};
/* End PBXSourcesBuildPhase section */

/* Begin PBXVariantGroup section */
		ACC1B94E1CB350A400E9EC51 /* Main.storyboard */ = {
			isa = PBXVariantGroup;
			children = (
				ACC1B94F1CB350A400E9EC51 /* Base */,
			);
			name = Main.storyboard;
			sourceTree = "<group>";
		};
		ACC1B9531CB350A400E9EC51 /* LaunchScreen.storyboard */ = {
			isa = PBXVariantGroup;
			children = (
				ACC1B9541CB350A400E9EC51 /* Base */,
			);
			name = LaunchScreen.storyboard;
			sourceTree = "<group>";
		};
/* End PBXVariantGroup section */

/* Begin XCBuildConfiguration section */
		ACC1B9571CB350A400E9EC51 /* Debug */ = {
			isa = XCBuildConfiguration;
			buildSettings = {
				ALWAYS_SEARCH_USER_PATHS = NO;
				CLANG_CXX_LANGUAGE_STANDARD = "gnu++0x";
				CLANG_CXX_LIBRARY = "libc++";
				CLANG_ENABLE_MODULES = YES;
				CLANG_ENABLE_OBJC_ARC = YES;
				CLANG_WARN_BOOL_CONVERSION = YES;
				CLANG_WARN_CONSTANT_CONVERSION = YES;
				CLANG_WARN_DIRECT_OBJC_ISA_USAGE = YES_ERROR;
				CLANG_WARN_EMPTY_BODY = YES;
				CLANG_WARN_ENUM_CONVERSION = YES;
				CLANG_WARN_INT_CONVERSION = YES;
				CLANG_WARN_OBJC_ROOT_CLASS = YES_ERROR;
				CLANG_WARN_UNREACHABLE_CODE = YES;
				CLANG_WARN__DUPLICATE_METHOD_MATCH = YES;
				"CODE_SIGN_IDENTITY[sdk=iphoneos*]" = "iPhone Developer";
				COPY_PHASE_STRIP = NO;
				DEBUG_INFORMATION_FORMAT = dwarf;
				ENABLE_STRICT_OBJC_MSGSEND = YES;
				ENABLE_TESTABILITY = YES;
				GCC_C_LANGUAGE_STANDARD = gnu99;
				GCC_DYNAMIC_NO_PIC = NO;
				GCC_NO_COMMON_BLOCKS = YES;
				GCC_OPTIMIZATION_LEVEL = 0;
				GCC_PREPROCESSOR_DEFINITIONS = (
					"DEBUG=1",
					"$(inherited)",
				);
				GCC_WARN_64_TO_32_BIT_CONVERSION = YES;
				GCC_WARN_ABOUT_RETURN_TYPE = YES_ERROR;
				GCC_WARN_UNDECLARED_SELECTOR = YES;
				GCC_WARN_UNINITIALIZED_AUTOS = YES_AGGRESSIVE;
				GCC_WARN_UNUSED_FUNCTION = YES;
				GCC_WARN_UNUSED_VARIABLE = YES;
				IPHONEOS_DEPLOYMENT_TARGET = 9.2;
				MTL_ENABLE_DEBUG_INFO = YES;
				ONLY_ACTIVE_ARCH = YES;
				SDKROOT = iphoneos;
				SWIFT_OPTIMIZATION_LEVEL = "-Onone";
			};
			name = Debug;
		};
		ACC1B9581CB350A400E9EC51 /* Release */ = {
			isa = XCBuildConfiguration;
			buildSettings = {
				ALWAYS_SEARCH_USER_PATHS = NO;
				CLANG_CXX_LANGUAGE_STANDARD = "gnu++0x";
				CLANG_CXX_LIBRARY = "libc++";
				CLANG_ENABLE_MODULES = YES;
				CLANG_ENABLE_OBJC_ARC = YES;
				CLANG_WARN_BOOL_CONVERSION = YES;
				CLANG_WARN_CONSTANT_CONVERSION = YES;
				CLANG_WARN_DIRECT_OBJC_ISA_USAGE = YES_ERROR;
				CLANG_WARN_EMPTY_BODY = YES;
				CLANG_WARN_ENUM_CONVERSION = YES;
				CLANG_WARN_INT_CONVERSION = YES;
				CLANG_WARN_OBJC_ROOT_CLASS = YES_ERROR;
				CLANG_WARN_UNREACHABLE_CODE = YES;
				CLANG_WARN__DUPLICATE_METHOD_MATCH = YES;
				"CODE_SIGN_IDENTITY[sdk=iphoneos*]" = "iPhone Developer";
				COPY_PHASE_STRIP = NO;
				DEBUG_INFORMATION_FORMAT = "dwarf-with-dsym";
				ENABLE_NS_ASSERTIONS = NO;
				ENABLE_STRICT_OBJC_MSGSEND = YES;
				GCC_C_LANGUAGE_STANDARD = gnu99;
				GCC_NO_COMMON_BLOCKS = YES;
				GCC_WARN_64_TO_32_BIT_CONVERSION = YES;
				GCC_WARN_ABOUT_RETURN_TYPE = YES_ERROR;
				GCC_WARN_UNDECLARED_SELECTOR = YES;
				GCC_WARN_UNINITIALIZED_AUTOS = YES_AGGRESSIVE;
				GCC_WARN_UNUSED_FUNCTION = YES;
				GCC_WARN_UNUSED_VARIABLE = YES;
				IPHONEOS_DEPLOYMENT_TARGET = 9.2;
				MTL_ENABLE_DEBUG_INFO = NO;
				SDKROOT = iphoneos;
				VALIDATE_PRODUCT = YES;
			};
			name = Release;
		};
		ACC1B95A1CB350A400E9EC51 /* Debug */ = {
			isa = XCBuildConfiguration;
			buildSettings = {
				ASSETCATALOG_COMPILER_APPICON_NAME = AppIcon;
				INFOPLIST_FILE = LYInfiniteScrollDemo/Info.plist;
				LD_RUNPATH_SEARCH_PATHS = "$(inherited) @executable_path/Frameworks";
				PRODUCT_BUNDLE_IDENTIFIER = cc.LuYang.LYInfiniteScrollDemo;
				PRODUCT_NAME = "$(TARGET_NAME)";
			};
			name = Debug;
		};
		ACC1B95B1CB350A400E9EC51 /* Release */ = {
			isa = XCBuildConfiguration;
			buildSettings = {
				ASSETCATALOG_COMPILER_APPICON_NAME = AppIcon;
				INFOPLIST_FILE = LYInfiniteScrollDemo/Info.plist;
				LD_RUNPATH_SEARCH_PATHS = "$(inherited) @executable_path/Frameworks";
				PRODUCT_BUNDLE_IDENTIFIER = cc.LuYang.LYInfiniteScrollDemo;
				PRODUCT_NAME = "$(TARGET_NAME)";
			};
			name = Release;
		};
/* End XCBuildConfiguration section */

/* Begin XCConfigurationList section */
		ACC1B9421CB350A400E9EC51 /* Build configuration list for PBXProject "LYInfiniteScrollDemo" */ = {
			isa = XCConfigurationList;
			buildConfigurations = (
				ACC1B9571CB350A400E9EC51 /* Debug */,
				ACC1B9581CB350A400E9EC51 /* Release */,
			);
			defaultConfigurationIsVisible = 0;
			defaultConfigurationName = Release;
		};
		ACC1B9591CB350A400E9EC51 /* Build configuration list for PBXNativeTarget "LYInfiniteScrollDemo" */ = {
			isa = XCConfigurationList;
			buildConfigurations = (
				ACC1B95A1CB350A400E9EC51 /* Debug */,
				ACC1B95B1CB350A400E9EC51 /* Release */,
			);
			defaultConfigurationIsVisible = 0;
		};
/* End XCConfigurationList section */
	};
	rootObject = ACC1B93F1CB350A400E9EC51 /* Project object */;
}
